
Microsoft Visual Studio Solution File, Format Version 12.00
# Visual Studio 15
Project("{FAE04EC0-301F-11D3-BF4B-00C04F79EFBC}") = "Assembly-CSharp", "Assembly-CSharp.csproj", "{2E1415CB-9A33-EF0D-DAA6-4F1E64A4F90F}"
EndProject
Project("{FAE04EC0-301F-11D3-BF4B-00C04F79EFBC}") = "Assembly-CSharp-Editor", "Assembly-CSharp-Editor.csproj", "{C6AE9911-F5A0-853C-9E3E-14CC1E64ECCE}"
EndProject
Global
	GlobalSection(SolutionConfigurationPlatforms) = preSolution
		Debug|Any CPU = Debug|Any CPU
		Release|Any CPU = Release|Any CPU
	EndGlobalSection
	GlobalSection(ProjectConfigurationPlatforms) = postSolution
		{2E1415CB-9A33-EF0D-DAA6-4F1E64A4F90F}.Debug|Any CPU.ActiveCfg = Debug|Any CPU
		{2E1415CB-9A33-EF0D-DAA6-4F1E64A4F90F}.Debug|Any CPU.Build.0 = Debug|Any CPU
		{2E1415CB-9A33-EF0D-DAA6-4F1E64A4F90F}.Release|Any CPU.ActiveCfg = Release|Any CPU
		{2E1415CB-9A33-EF0D-DAA6-4F1E64A4F90F}.Release|Any CPU.Build.0 = Release|Any CPU
		{C6AE9911-F5A0-853C-9E3E-14CC1E64ECCE}.Debug|Any CPU.ActiveCfg = Debug|Any CPU
		{C6AE9911-F5A0-853C-9E3E-14CC1E64ECCE}.Debug|Any CPU.Build.0 = Debug|Any CPU
		{C6AE9911-F5A0-853C-9E3E-14CC1E64ECCE}.Release|Any CPU.ActiveCfg = Release|Any CPU
		{C6AE9911-F5A0-853C-9E3E-14CC1E64ECCE}.Release|Any CPU.Build.0 = Release|Any CPU
	EndGlobalSection
	GlobalSection(SolutionProperties) = preSolution
		HideSolutionNode = FALSE
	EndGlobalSection
EndGlobal
